<?xml version="1.0" encoding="UTF-8" standalone="yes" ?>
<CodeBlocks_project_file>
	<FileVersion major="1" minor="6" />
	<Project>
		<Option title="tpreviews" />
		<Option pch_mode="2" />
		<Option compiler="gcc" />
		<Build>
			<Target title="Debug">
				<Option output="bin/Debug/tpreviews" prefix_auto="1" extension_auto="1" />
				<Option object_output="obj/Debug/" />
				<Option type="1" />
				<Option compiler="gcc" />
				<Compiler>
					<Add option="-g" />
					<Add directory="include" />
				</Compiler>
			</Target>
			<Target title="Release">
				<Option output="bin/Release/tpreviews" prefix_auto="1" extension_auto="1" />
				<Option object_output="obj/Release/" />
				<Option type="1" />
				<Option compiler="gcc" />
				<Compiler>
					<Add option="-O2" />
					<Add directory="include" />
				</Compiler>
				<Linker>
					<Add option="-s" />
				</Linker>
			</Target>
		</Build>
		<Compiler>
			<Add option="-Wall" />
			<Add option="-fexceptions" />
		</Compiler>
		<Unit filename="include/HashingTrick.h" />
		<Unit filename="include/LabeledReview.h" />
		<Unit filename="include/NaiveBayes.h" />
		<Unit filename="include/Perceptron.h" />
		<Unit filename="include/Review.h" />
		<Unit filename="include/StringCleaner.h" />
		<Unit filename="include/UnlabeledReview.h" />
		<Unit filename="main.cpp" />
		<Unit filename="src/HashingTrick.cpp" />
		<Unit filename="src/LabeledReview.cpp" />
		<Unit filename="src/NaiveBayes.cpp" />
		<Unit filename="src/Perceptron.cpp" />
		<Unit filename="src/Review.cpp" />
		<Unit filename="src/StringCleaner.cpp" />
		<Unit filename="src/UnlabeledReview.cpp" />
		<Extensions>
			<code_completion />
			<envvars />
			<debugger />
			<lib_finder disable_auto="1" />
		</Extensions>
	</Project>
</CodeBlocks_project_file>
